
Microsoft Visual Studio Solution File, Format Version 12.00
# Visual Studio Version 16
VisualStudioVersion = 16.0.30621.155
MinimumVisualStudioVersion = 10.0.40219.1
Project("{FAE04EC0-301F-11D3-BF4B-00C04F79EFBC}") = "PhoneBook", "PhoneBook\PhoneBook.csproj", "{0FCCF17C-56CA-4ABE-AE84-59C1FC85548F}"
EndProject
Global
	GlobalSection(SolutionConfigurationPlatforms) = preSolution
		Debug|Any CPU = Debug|Any CPU
		Release|Any CPU = Release|Any CPU
	EndGlobalSection
	GlobalSection(ProjectConfigurationPlatforms) = postSolution
		{0FCCF17C-56CA-4ABE-AE84-59C1FC85548F}.Debug|Any CPU.ActiveCfg = Debug|Any CPU
		{0FCCF17C-56CA-4ABE-AE84-59C1FC85548F}.Debug|Any CPU.Build.0 = Debug|Any CPU
		{0FCCF17C-56CA-4ABE-AE84-59C1FC85548F}.Release|Any CPU.ActiveCfg = Release|Any CPU
		{0FCCF17C-56CA-4ABE-AE84-59C1FC85548F}.Release|Any CPU.Build.0 = Release|Any CPU
	EndGlobalSection
	GlobalSection(SolutionProperties) = preSolution
		HideSolutionNode = FALSE
	EndGlobalSection
	GlobalSection(ExtensibilityGlobals) = postSolution
		SolutionGuid = {57457905-51A5-41C3-8AE0-22EADFA20B81}
	EndGlobalSection
EndGlobal
